
Microsoft Visual Studio Solution File, Format Version 12.00
# Visual Studio Version 16
VisualStudioVersion = 16.0.29709.97
MinimumVisualStudioVersion = 10.0.40219.1
Project("{FAE04EC0-301F-11D3-BF4B-00C04F79EFBC}") = "InheritanceBaseForm", "InheritanceBaseForm\InheritanceBaseForm.csproj", "{0E52F9B2-54C4-4D9A-A659-914E038A878D}"
EndProject
Global
	GlobalSection(SolutionConfigurationPlatforms) = preSolution
		Debug|Any CPU = Debug|Any CPU
		Release|Any CPU = Release|Any CPU
	EndGlobalSection
	GlobalSection(ProjectConfigurationPlatforms) = postSolution
		{0E52F9B2-54C4-4D9A-A659-914E038A878D}.Debug|Any CPU.ActiveCfg = Debug|Any CPU
		{0E52F9B2-54C4-4D9A-A659-914E038A878D}.Debug|Any CPU.Build.0 = Debug|Any CPU
		{0E52F9B2-54C4-4D9A-A659-914E038A878D}.Release|Any CPU.ActiveCfg = Release|Any CPU
		{0E52F9B2-54C4-4D9A-A659-914E038A878D}.Release|Any CPU.Build.0 = Release|Any CPU
	EndGlobalSection
	GlobalSection(SolutionProperties) = preSolution
		HideSolutionNode = FALSE
	EndGlobalSection
	GlobalSection(ExtensibilityGlobals) = postSolution
		SolutionGuid = {1F3C54D4-F72E-432C-A500-3323FB8BE11F}
	EndGlobalSection
EndGlobal
